
Microsoft Visual Studio Solution File, Format Version 12.00
# Visual Studio 2013
VisualStudioVersion = 12.0.30501.0
MinimumVisualStudioVersion = 10.0.40219.1
Project("{FAE04EC0-301F-11D3-BF4B-00C04F79EFBC}") = "AssigmentThree3", "AssigmentThree3\AssigmentThree3.csproj", "{59BA7C2D-4991-477F-9D21-B9B354DC5A15}"
EndProject
Project("{FAE04EC0-301F-11D3-BF4B-00C04F79EFBC}") = "Data", "Data\Data.csproj", "{A56A3E64-D43B-4D62-A099-F1079804BBC2}"
EndProject
Project("{FAE04EC0-301F-11D3-BF4B-00C04F79EFBC}") = "Logic", "Logic\Logic.csproj", "{AF562D59-CB50-4894-9123-4658644DDA93}"
EndProject
Global
	GlobalSection(SolutionConfigurationPlatforms) = preSolution
		Debug|Any CPU = Debug|Any CPU
		Release|Any CPU = Release|Any CPU
	EndGlobalSection
	GlobalSection(ProjectConfigurationPlatforms) = postSolution
		{59BA7C2D-4991-477F-9D21-B9B354DC5A15}.Debug|Any CPU.ActiveCfg = Debug|Any CPU
		{59BA7C2D-4991-477F-9D21-B9B354DC5A15}.Debug|Any CPU.Build.0 = Debug|Any CPU
		{59BA7C2D-4991-477F-9D21-B9B354DC5A15}.Release|Any CPU.ActiveCfg = Release|Any CPU
		{59BA7C2D-4991-477F-9D21-B9B354DC5A15}.Release|Any CPU.Build.0 = Release|Any CPU
		{A56A3E64-D43B-4D62-A099-F1079804BBC2}.Debug|Any CPU.ActiveCfg = Debug|Any CPU
		{A56A3E64-D43B-4D62-A099-F1079804BBC2}.Debug|Any CPU.Build.0 = Debug|Any CPU
		{A56A3E64-D43B-4D62-A099-F1079804BBC2}.Release|Any CPU.ActiveCfg = Release|Any CPU
		{A56A3E64-D43B-4D62-A099-F1079804BBC2}.Release|Any CPU.Build.0 = Release|Any CPU
		{AF562D59-CB50-4894-9123-4658644DDA93}.Debug|Any CPU.ActiveCfg = Debug|Any CPU
		{AF562D59-CB50-4894-9123-4658644DDA93}.Debug|Any CPU.Build.0 = Debug|Any CPU
		{AF562D59-CB50-4894-9123-4658644DDA93}.Release|Any CPU.ActiveCfg = Release|Any CPU
		{AF562D59-CB50-4894-9123-4658644DDA93}.Release|Any CPU.Build.0 = Release|Any CPU
	EndGlobalSection
	GlobalSection(SolutionProperties) = preSolution
		HideSolutionNode = FALSE
	EndGlobalSection
EndGlobal
